
Microsoft Visual Studio Solution File, Format Version 12.00
# Visual Studio Version 17
VisualStudioVersion = 17.12.35527.113 d17.12
MinimumVisualStudioVersion = 10.0.40219.1
Project("{FAE04EC0-301F-11D3-BF4B-00C04F79EFBC}") = "Rechteck", "Rechteck\Rechteck.csproj", "{3D921ED6-4D77-4A48-A4F0-37D14D67D452}"
EndProject
Project("{FAE04EC0-301F-11D3-BF4B-00C04F79EFBC}") = "Würfel", "Würfel\Würfel.csproj", "{AB0CDED3-5986-4B56-886D-7EEE957850FD}"
EndProject
Project("{FAE04EC0-301F-11D3-BF4B-00C04F79EFBC}") = "Reisedauer zum Mond", "Reisedauer zum Mond\Reisedauer zum Mond.csproj", "{C99945E4-124C-4ED3-AA7D-9911DCD3498C}"
EndProject
Global
	GlobalSection(SolutionConfigurationPlatforms) = preSolution
		Debug|Any CPU = Debug|Any CPU
		Release|Any CPU = Release|Any CPU
	EndGlobalSection
	GlobalSection(ProjectConfigurationPlatforms) = postSolution
		{3D921ED6-4D77-4A48-A4F0-37D14D67D452}.Debug|Any CPU.ActiveCfg = Debug|Any CPU
		{3D921ED6-4D77-4A48-A4F0-37D14D67D452}.Debug|Any CPU.Build.0 = Debug|Any CPU
		{3D921ED6-4D77-4A48-A4F0-37D14D67D452}.Release|Any CPU.ActiveCfg = Release|Any CPU
		{3D921ED6-4D77-4A48-A4F0-37D14D67D452}.Release|Any CPU.Build.0 = Release|Any CPU
		{AB0CDED3-5986-4B56-886D-7EEE957850FD}.Debug|Any CPU.ActiveCfg = Debug|Any CPU
		{AB0CDED3-5986-4B56-886D-7EEE957850FD}.Debug|Any CPU.Build.0 = Debug|Any CPU
		{AB0CDED3-5986-4B56-886D-7EEE957850FD}.Release|Any CPU.ActiveCfg = Release|Any CPU
		{AB0CDED3-5986-4B56-886D-7EEE957850FD}.Release|Any CPU.Build.0 = Release|Any CPU
		{C99945E4-124C-4ED3-AA7D-9911DCD3498C}.Debug|Any CPU.ActiveCfg = Debug|Any CPU
		{C99945E4-124C-4ED3-AA7D-9911DCD3498C}.Debug|Any CPU.Build.0 = Debug|Any CPU
		{C99945E4-124C-4ED3-AA7D-9911DCD3498C}.Release|Any CPU.ActiveCfg = Release|Any CPU
		{C99945E4-124C-4ED3-AA7D-9911DCD3498C}.Release|Any CPU.Build.0 = Release|Any CPU
	EndGlobalSection
	GlobalSection(SolutionProperties) = preSolution
		HideSolutionNode = FALSE
	EndGlobalSection
EndGlobal
